// !$*UTF8*$!
{
	archiveVersion = 1;
	classes = {
	};
	objectVersion = 56;
	objects = {

/* Begin PBXBuildFile section */
		BE19363F2A386CAB00412F4A /* WeatherApp.swift in Sources */ = {isa = PBXBuildFile; fileRef = BE19363E2A386CAB00412F4A /* WeatherApp.swift */; };
		BE1936412A386CAB00412F4A /* ContentView.swift in Sources */ = {isa = PBXBuildFile; fileRef = BE1936402A386CAB00412F4A /* ContentView.swift */; };
		BE1936432A386CAC00412F4A /* Assets.xcassets in Resources */ = {isa = PBXBuildFile; fileRef = BE1936422A386CAC00412F4A /* Assets.xcassets */; };
		BE1936502A386CAD00412F4A /* WeatherTests.swift in Sources */ = {isa = PBXBuildFile; fileRef = BE19364F2A386CAD00412F4A /* WeatherTests.swift */; };
		BE19366B2A38764400412F4A /* WeatherList.swift in Sources */ = {isa = PBXBuildFile; fileRef = BE19366A2A38764400412F4A /* WeatherList.swift */; };
		BE19366F2A388B0200412F4A /* WeatherPage.swift in Sources */ = {isa = PBXBuildFile; fileRef = BE19366E2A388B0200412F4A /* WeatherPage.swift */; };
		BE1936712A38B3E000412F4A /* WeatherOptions.swift in Sources */ = {isa = PBXBuildFile; fileRef = BE1936702A38B3E000412F4A /* WeatherOptions.swift */; };
		BE1936732A38CE5A00412F4A /* CountryList.swift in Sources */ = {isa = PBXBuildFile; fileRef = BE1936722A38CE5A00412F4A /* CountryList.swift */; };
		BE1936752A38D21400412F4A /* WeatherListItem.swift in Sources */ = {isa = PBXBuildFile; fileRef = BE1936742A38D21400412F4A /* WeatherListItem.swift */; };
		BE19367A2A38DA9600412F4A /* WeatherDetail.swift in Sources */ = {isa = PBXBuildFile; fileRef = BE1936792A38DA9600412F4A /* WeatherDetail.swift */; };
		BE22A60C2A39ACD000D8F571 /* WeatherPageViewModel.swift in Sources */ = {isa = PBXBuildFile; fileRef = BE22A60B2A39ACD000D8F571 /* WeatherPageViewModel.swift */; };
		BE22A6102A39AE0700D8F571 /* Weather.swift in Sources */ = {isa = PBXBuildFile; fileRef = BE22A60F2A39AE0700D8F571 /* Weather.swift */; };
		BE22A6132A39D01800D8F571 /* NetworkService.swift in Sources */ = {isa = PBXBuildFile; fileRef = BE22A6122A39D01800D8F571 /* NetworkService.swift */; };
		BE22A6152A39D02900D8F571 /* WeatherManager.swift in Sources */ = {isa = PBXBuildFile; fileRef = BE22A6142A39D02900D8F571 /* WeatherManager.swift */; };
		BE22A61C2A3A53B000D8F571 /* MockService.swift in Sources */ = {isa = PBXBuildFile; fileRef = BE22A61B2A3A53B000D8F571 /* MockService.swift */; };
/* End PBXBuildFile section */

/* Begin PBXContainerItemProxy section */
		BE19364C2A386CAD00412F4A /* PBXContainerItemProxy */ = {
			isa = PBXContainerItemProxy;
			containerPortal = BE1936332A386CAB00412F4A /* Project object */;
			proxyType = 1;
			remoteGlobalIDString = BE19363A2A386CAB00412F4A;
			remoteInfo = Weather;
		};
/* End PBXContainerItemProxy section */

/* Begin PBXFileReference section */
		BE19363B2A386CAB00412F4A /* Weather.app */ = {isa = PBXFileReference; explicitFileType = wrapper.application; includeInIndex = 0; path = Weather.app; sourceTree = BUILT_PRODUCTS_DIR; };
		BE19363E2A386CAB00412F4A /* WeatherApp.swift */ = {isa = PBXFileReference; lastKnownFileType = sourcecode.swift; path = WeatherApp.swift; sourceTree = "<group>"; };
		BE1936402A386CAB00412F4A /* ContentView.swift */ = {isa = PBXFileReference; lastKnownFileType = sourcecode.swift; path = ContentView.swift; sourceTree = "<group>"; };
		BE1936422A386CAC00412F4A /* Assets.xcassets */ = {isa = PBXFileReference; lastKnownFileType = folder.assetcatalog; path = Assets.xcassets; sourceTree = "<group>"; };
		BE19364B2A386CAD00412F4A /* WeatherTests.xctest */ = {isa = PBXFileReference; explicitFileType = wrapper.cfbundle; includeInIndex = 0; path = WeatherTests.xctest; sourceTree = BUILT_PRODUCTS_DIR; };
		BE19364F2A386CAD00412F4A /* WeatherTests.swift */ = {isa = PBXFileReference; lastKnownFileType = sourcecode.swift; path = WeatherTests.swift; sourceTree = "<group>"; };
		BE19366A2A38764400412F4A /* WeatherList.swift */ = {isa = PBXFileReference; lastKnownFileType = sourcecode.swift; path = WeatherList.swift; sourceTree = "<group>"; };
		BE19366E2A388B0200412F4A /* WeatherPage.swift */ = {isa = PBXFileReference; lastKnownFileType = sourcecode.swift; path = WeatherPage.swift; sourceTree = "<group>"; };
		BE1936702A38B3E000412F4A /* WeatherOptions.swift */ = {isa = PBXFileReference; lastKnownFileType = sourcecode.swift; path = WeatherOptions.swift; sourceTree = "<group>"; };
		BE1936722A38CE5A00412F4A /* CountryList.swift */ = {isa = PBXFileReference; lastKnownFileType = sourcecode.swift; path = CountryList.swift; sourceTree = "<group>"; };
		BE1936742A38D21400412F4A /* WeatherListItem.swift */ = {isa = PBXFileReference; lastKnownFileType = sourcecode.swift; path = WeatherListItem.swift; sourceTree = "<group>"; };
		BE1936792A38DA9600412F4A /* WeatherDetail.swift */ = {isa = PBXFileReference; lastKnownFileType = sourcecode.swift; path = WeatherDetail.swift; sourceTree = "<group>"; };
		BE22A60B2A39ACD000D8F571 /* WeatherPageViewModel.swift */ = {isa = PBXFileReference; lastKnownFileType = sourcecode.swift; path = WeatherPageViewModel.swift; sourceTree = "<group>"; };
		BE22A60F2A39AE0700D8F571 /* Weather.swift */ = {isa = PBXFileReference; lastKnownFileType = sourcecode.swift; path = Weather.swift; sourceTree = "<group>"; };
		BE22A6122A39D01800D8F571 /* NetworkService.swift */ = {isa = PBXFileReference; lastKnownFileType = sourcecode.swift; path = NetworkService.swift; sourceTree = "<group>"; };
		BE22A6142A39D02900D8F571 /* WeatherManager.swift */ = {isa = PBXFileReference; lastKnownFileType = sourcecode.swift; path = WeatherManager.swift; sourceTree = "<group>"; };
		BE22A61B2A3A53B000D8F571 /* MockService.swift */ = {isa = PBXFileReference; lastKnownFileType = sourcecode.swift; path = MockService.swift; sourceTree = "<group>"; };
/* End PBXFileReference section */

/* Begin PBXFrameworksBuildPhase section */
		BE1936382A386CAB00412F4A /* Frameworks */ = {
			isa = PBXFrameworksBuildPhase;
			buildActionMask = 2147483647;
			files = (
			);
			runOnlyForDeploymentPostprocessing = 0;
		};
		BE1936482A386CAD00412F4A /* Frameworks */ = {
			isa = PBXFrameworksBuildPhase;
			buildActionMask = 2147483647;
			files = (
			);
			runOnlyForDeploymentPostprocessing = 0;
		};
/* End PBXFrameworksBuildPhase section */

/* Begin PBXGroup section */
		BE1936322A386CAB00412F4A = {
			isa = PBXGroup;
			children = (
				BE19363D2A386CAB00412F4A /* Weather */,
				BE19364E2A386CAD00412F4A /* WeatherTests */,
				BE19363C2A386CAB00412F4A /* Products */,
			);
			sourceTree = "<group>";
		};
		BE19363C2A386CAB00412F4A /* Products */ = {
			isa = PBXGroup;
			children = (
				BE19363B2A386CAB00412F4A /* Weather.app */,
				BE19364B2A386CAD00412F4A /* WeatherTests.xctest */,
			);
			name = Products;
			sourceTree = "<group>";
		};
		BE19363D2A386CAB00412F4A /* Weather */ = {
			isa = PBXGroup;
			children = (
				BE19363E2A386CAB00412F4A /* WeatherApp.swift */,
				BE1936402A386CAB00412F4A /* ContentView.swift */,
				BE1936762A38D24A00412F4A /* Home */,
				BE19367B2A38E96D00412F4A /* Detail */,
				BE22A60E2A39ADD700D8F571 /* Models */,
				BE22A6112A39CFF300D8F571 /* Helpers */,
				BE1936422A386CAC00412F4A /* Assets.xcassets */,
			);
			path = Weather;
			sourceTree = "<group>";
		};
		BE19364E2A386CAD00412F4A /* WeatherTests */ = {
			isa = PBXGroup;
			children = (
				BE19364F2A386CAD00412F4A /* WeatherTests.swift */,
			);
			path = WeatherTests;
			sourceTree = "<group>";
		};
		BE1936762A38D24A00412F4A /* Home */ = {
			isa = PBXGroup;
			children = (
				BE19366E2A388B0200412F4A /* WeatherPage.swift */,
				BE22A60B2A39ACD000D8F571 /* WeatherPageViewModel.swift */,
				BE22A60D2A39ADBB00D8F571 /* SortOptions */,
				BE1936772A38D4DF00412F4A /* List */,
				BE1936782A38D54600412F4A /* Filter */,
			);
			path = Home;
			sourceTree = "<group>";
		};
		BE1936772A38D4DF00412F4A /* List */ = {
			isa = PBXGroup;
			children = (
				BE19366A2A38764400412F4A /* WeatherList.swift */,
				BE1936742A38D21400412F4A /* WeatherListItem.swift */,
			);
			path = List;
			sourceTree = "<group>";
		};
		BE1936782A38D54600412F4A /* Filter */ = {
			isa = PBXGroup;
			children = (
				BE1936722A38CE5A00412F4A /* CountryList.swift */,
			);
			path = Filter;
			sourceTree = "<group>";
		};
		BE19367B2A38E96D00412F4A /* Detail */ = {
			isa = PBXGroup;
			children = (
				BE1936792A38DA9600412F4A /* WeatherDetail.swift */,
			);
			path = Detail;
			sourceTree = "<group>";
		};
		BE22A60D2A39ADBB00D8F571 /* SortOptions */ = {
			isa = PBXGroup;
			children = (
				BE1936702A38B3E000412F4A /* WeatherOptions.swift */,
			);
			path = SortOptions;
			sourceTree = "<group>";
		};
		BE22A60E2A39ADD700D8F571 /* Models */ = {
			isa = PBXGroup;
			children = (
				BE22A60F2A39AE0700D8F571 /* Weather.swift */,
			);
			path = Models;
			sourceTree = "<group>";
		};
		BE22A6112A39CFF300D8F571 /* Helpers */ = {
			isa = PBXGroup;
			children = (
				BE22A6122A39D01800D8F571 /* NetworkService.swift */,
				BE22A6142A39D02900D8F571 /* WeatherManager.swift */,
				BE22A61B2A3A53B000D8F571 /* MockService.swift */,
			);
			path = Helpers;
			sourceTree = "<group>";
		};
/* End PBXGroup section */

/* Begin PBXNativeTarget section */
		BE19363A2A386CAB00412F4A /* Weather */ = {
			isa = PBXNativeTarget;
			buildConfigurationList = BE19365F2A386CAD00412F4A /* Build configuration list for PBXNativeTarget "Weather" */;
			buildPhases = (
				BE1936372A386CAB00412F4A /* Sources */,
				BE1936382A386CAB00412F4A /* Frameworks */,
				BE1936392A386CAB00412F4A /* Resources */,
			);
			buildRules = (
			);
			dependencies = (
			);
			name = Weather;
			productName = Weather;
			productReference = BE19363B2A386CAB00412F4A /* Weather.app */;
			productType = "com.apple.product-type.application";
		};
		BE19364A2A386CAD00412F4A /* WeatherTests */ = {
			isa = PBXNativeTarget;
			buildConfigurationList = BE1936622A386CAD00412F4A /* Build configuration list for PBXNativeTarget "WeatherTests" */;
			buildPhases = (
				BE1936472A386CAD00412F4A /* Sources */,
				BE1936482A386CAD00412F4A /* Frameworks */,
				BE1936492A386CAD00412F4A /* Resources */,
			);
			buildRules = (
			);
			dependencies = (
				BE19364D2A386CAD00412F4A /* PBXTargetDependency */,
			);
			name = WeatherTests;
			productName = WeatherTests;
			productReference = BE19364B2A386CAD00412F4A /* WeatherTests.xctest */;
			productType = "com.apple.product-type.bundle.unit-test";
		};
/* End PBXNativeTarget section */

/* Begin PBXProject section */
		BE1936332A386CAB00412F4A /* Project object */ = {
			isa = PBXProject;
			attributes = {
				BuildIndependentTargetsInParallel = 1;
				LastSwiftUpdateCheck = 1420;
				LastUpgradeCheck = 1420;
				TargetAttributes = {
					BE19363A2A386CAB00412F4A = {
						CreatedOnToolsVersion = 14.2;
					};
					BE19364A2A386CAD00412F4A = {
						CreatedOnToolsVersion = 14.2;
						TestTargetID = BE19363A2A386CAB00412F4A;
					};
				};
			};
			buildConfigurationList = BE1936362A386CAB00412F4A /* Build configuration list for PBXProject "Weather" */;
			compatibilityVersion = "Xcode 14.0";
			developmentRegion = en;
			hasScannedForEncodings = 0;
			knownRegions = (
				en,
				Base,
			);
			mainGroup = BE1936322A386CAB00412F4A;
			productRefGroup = BE19363C2A386CAB00412F4A /* Products */;
			projectDirPath = "";
			projectRoot = "";
			targets = (
				BE19363A2A386CAB00412F4A /* Weather */,
				BE19364A2A386CAD00412F4A /* WeatherTests */,
			);
		};
/* End PBXProject section */

/* Begin PBXResourcesBuildPhase section */
		BE1936392A386CAB00412F4A /* Resources */ = {
			isa = PBXResourcesBuildPhase;
			buildActionMask = 2147483647;
			files = (
				BE1936432A386CAC00412F4A /* Assets.xcassets in Resources */,
			);
			runOnlyForDeploymentPostprocessing = 0;
		};
		BE1936492A386CAD00412F4A /* Resources */ = {
			isa = PBXResourcesBuildPhase;
			buildActionMask = 2147483647;
			files = (
			);
			runOnlyForDeploymentPostprocessing = 0;
		};
/* End PBXResourcesBuildPhase section */

/* Begin PBXSourcesBuildPhase section */
		BE1936372A386CAB00412F4A /* Sources */ = {
			isa = PBXSourcesBuildPhase;
			buildActionMask = 2147483647;
			files = (
				BE22A6132A39D01800D8F571 /* NetworkService.swift in Sources */,
				BE1936752A38D21400412F4A /* WeatherListItem.swift in Sources */,
				BE19367A2A38DA9600412F4A /* WeatherDetail.swift in Sources */,
				BE1936412A386CAB00412F4A /* ContentView.swift in Sources */,
				BE1936712A38B3E000412F4A /* WeatherOptions.swift in Sources */,
				BE22A6102A39AE0700D8F571 /* Weather.swift in Sources */,
				BE22A6152A39D02900D8F571 /* WeatherManager.swift in Sources */,
				BE22A61C2A3A53B000D8F571 /* MockService.swift in Sources */,
				BE1936732A38CE5A00412F4A /* CountryList.swift in Sources */,
				BE22A60C2A39ACD000D8F571 /* WeatherPageViewModel.swift in Sources */,
				BE19366F2A388B0200412F4A /* WeatherPage.swift in Sources */,
				BE19363F2A386CAB00412F4A /* WeatherApp.swift in Sources */,
				BE19366B2A38764400412F4A /* WeatherList.swift in Sources */,
			);
			runOnlyForDeploymentPostprocessing = 0;
		};
		BE1936472A386CAD00412F4A /* Sources */ = {
			isa = PBXSourcesBuildPhase;
			buildActionMask = 2147483647;
			files = (
				BE1936502A386CAD00412F4A /* WeatherTests.swift in Sources */,
			);
			runOnlyForDeploymentPostprocessing = 0;
		};
/* End PBXSourcesBuildPhase section */

/* Begin PBXTargetDependency section */
		BE19364D2A386CAD00412F4A /* PBXTargetDependency */ = {
			isa = PBXTargetDependency;
			target = BE19363A2A386CAB00412F4A /* Weather */;
			targetProxy = BE19364C2A386CAD00412F4A /* PBXContainerItemProxy */;
		};
/* End PBXTargetDependency section */

/* Begin XCBuildConfiguration section */
		BE19365D2A386CAD00412F4A /* Debug */ = {
			isa = XCBuildConfiguration;
			buildSettings = {
				ALWAYS_SEARCH_USER_PATHS = NO;
				CLANG_ANALYZER_NONNULL = YES;
				CLANG_ANALYZER_NUMBER_OBJECT_CONVERSION = YES_AGGRESSIVE;
				CLANG_CXX_LANGUAGE_STANDARD = "gnu++20";
				CLANG_ENABLE_MODULES = YES;
				CLANG_ENABLE_OBJC_ARC = YES;
				CLANG_ENABLE_OBJC_WEAK = YES;
				CLANG_WARN_BLOCK_CAPTURE_AUTORELEASING = YES;
				CLANG_WARN_BOOL_CONVERSION = YES;
				CLANG_WARN_COMMA = YES;
				CLANG_WARN_CONSTANT_CONVERSION = YES;
				CLANG_WARN_DEPRECATED_OBJC_IMPLEMENTATIONS = YES;
				CLANG_WARN_DIRECT_OBJC_ISA_USAGE = YES_ERROR;
				CLANG_WARN_DOCUMENTATION_COMMENTS = YES;
				CLANG_WARN_EMPTY_BODY = YES;
				CLANG_WARN_ENUM_CONVERSION = YES;
				CLANG_WARN_INFINITE_RECURSION = YES;
				CLANG_WARN_INT_CONVERSION = YES;
				CLANG_WARN_NON_LITERAL_NULL_CONVERSION = YES;
				CLANG_WARN_OBJC_IMPLICIT_RETAIN_SELF = YES;
				CLANG_WARN_OBJC_LITERAL_CONVERSION = YES;
				CLANG_WARN_OBJC_ROOT_CLASS = YES_ERROR;
				CLANG_WARN_QUOTED_INCLUDE_IN_FRAMEWORK_HEADER = YES;
				CLANG_WARN_RANGE_LOOP_ANALYSIS = YES;
				CLANG_WARN_STRICT_PROTOTYPES = YES;
				CLANG_WARN_SUSPICIOUS_MOVE = YES;
				CLANG_WARN_UNGUARDED_AVAILABILITY = YES_AGGRESSIVE;
				CLANG_WARN_UNREACHABLE_CODE = YES;
				CLANG_WARN__DUPLICATE_METHOD_MATCH = YES;
				COPY_PHASE_STRIP = NO;
				DEBUG_INFORMATION_FORMAT = dwarf;
				ENABLE_STRICT_OBJC_MSGSEND = YES;
				ENABLE_TESTABILITY = YES;
				GCC_C_LANGUAGE_STANDARD = gnu11;
				GCC_DYNAMIC_NO_PIC = NO;
				GCC_NO_COMMON_BLOCKS = YES;
				GCC_OPTIMIZATION_LEVEL = 0;
				GCC_PREPROCESSOR_DEFINITIONS = (
					"DEBUG=1",
					"$(inherited)",
				);
				GCC_WARN_64_TO_32_BIT_CONVERSION = YES;
				GCC_WARN_ABOUT_RETURN_TYPE = YES_ERROR;
				GCC_WARN_UNDECLARED_SELECTOR = YES;
				GCC_WARN_UNINITIALIZED_AUTOS = YES_AGGRESSIVE;
				GCC_WARN_UNUSED_FUNCTION = YES;
				GCC_WARN_UNUSED_VARIABLE = YES;
				IPHONEOS_DEPLOYMENT_TARGET = 16.2;
				MTL_ENABLE_DEBUG_INFO = INCLUDE_SOURCE;
				MTL_FAST_MATH = YES;
				ONLY_ACTIVE_ARCH = YES;
				SDKROOT = iphoneos;
				SWIFT_ACTIVE_COMPILATION_CONDITIONS = DEBUG;
				SWIFT_OPTIMIZATION_LEVEL = "-Onone";
			};
			name = Debug;
		};
		BE19365E2A386CAD00412F4A /* Release */ = {
			isa = XCBuildConfiguration;
			buildSettings = {
				ALWAYS_SEARCH_USER_PATHS = NO;
				CLANG_ANALYZER_NONNULL = YES;
				CLANG_ANALYZER_NUMBER_OBJECT_CONVERSION = YES_AGGRESSIVE;
				CLANG_CXX_LANGUAGE_STANDARD = "gnu++20";
				CLANG_ENABLE_MODULES = YES;
				CLANG_ENABLE_OBJC_ARC = YES;
				CLANG_ENABLE_OBJC_WEAK = YES;
				CLANG_WARN_BLOCK_CAPTURE_AUTORELEASING = YES;
				CLANG_WARN_BOOL_CONVERSION = YES;
				CLANG_WARN_COMMA = YES;
				CLANG_WARN_CONSTANT_CONVERSION = YES;
				CLANG_WARN_DEPRECATED_OBJC_IMPLEMENTATIONS = YES;
				CLANG_WARN_DIRECT_OBJC_ISA_USAGE = YES_ERROR;
				CLANG_WARN_DOCUMENTATION_COMMENTS = YES;
				CLANG_WARN_EMPTY_BODY = YES;
				CLANG_WARN_ENUM_CONVERSION = YES;
				CLANG_WARN_INFINITE_RECURSION = YES;
				CLANG_WARN_INT_CONVERSION = YES;
				CLANG_WARN_NON_LITERAL_NULL_CONVERSION = YES;
				CLANG_WARN_OBJC_IMPLICIT_RETAIN_SELF = YES;
				CLANG_WARN_OBJC_LITERAL_CONVERSION = YES;
				CLANG_WARN_OBJC_ROOT_CLASS = YES_ERROR;
				CLANG_WARN_QUOTED_INCLUDE_IN_FRAMEWORK_HEADER = YES;
				CLANG_WARN_RANGE_LOOP_ANALYSIS = YES;
				CLANG_WARN_STRICT_PROTOTYPES = YES;
				CLANG_WARN_SUSPICIOUS_MOVE = YES;
				CLANG_WARN_UNGUARDED_AVAILABILITY = YES_AGGRESSIVE;
				CLANG_WARN_UNREACHABLE_CODE = YES;
				CLANG_WARN__DUPLICATE_METHOD_MATCH = YES;
				COPY_PHASE_STRIP = NO;
				DEBUG_INFORMATION_FORMAT = "dwarf-with-dsym";
				ENABLE_NS_ASSERTIONS = NO;
				ENABLE_STRICT_OBJC_MSGSEND = YES;
				GCC_C_LANGUAGE_STANDARD = gnu11;
				GCC_NO_COMMON_BLOCKS = YES;
				GCC_WARN_64_TO_32_BIT_CONVERSION = YES;
				GCC_WARN_ABOUT_RETURN_TYPE = YES_ERROR;
				GCC_WARN_UNDECLARED_SELECTOR = YES;
				GCC_WARN_UNINITIALIZED_AUTOS = YES_AGGRESSIVE;
				GCC_WARN_UNUSED_FUNCTION = YES;
				GCC_WARN_UNUSED_VARIABLE = YES;
				IPHONEOS_DEPLOYMENT_TARGET = 16.2;
				MTL_ENABLE_DEBUG_INFO = NO;
				MTL_FAST_MATH = YES;
				SDKROOT = iphoneos;
				SWIFT_COMPILATION_MODE = wholemodule;
				SWIFT_OPTIMIZATION_LEVEL = "-O";
				VALIDATE_PRODUCT = YES;
			};
			name = Release;
		};
		BE1936602A386CAD00412F4A /* Debug */ = {
			isa = XCBuildConfiguration;
			buildSettings = {
				ASSETCATALOG_COMPILER_APPICON_NAME = AppIcon;
				ASSETCATALOG_COMPILER_GLOBAL_ACCENT_COLOR_NAME = AccentColor;
				CODE_SIGN_STYLE = Automatic;
				CURRENT_PROJECT_VERSION = 1;
				DEVELOPMENT_ASSET_PATHS = "\"Weather/Preview Content\"";
				ENABLE_PREVIEWS = YES;
				GENERATE_INFOPLIST_FILE = YES;
				INFOPLIST_KEY_UIApplicationSceneManifest_Generation = YES;
				INFOPLIST_KEY_UIApplicationSupportsIndirectInputEvents = YES;
				INFOPLIST_KEY_UILaunchScreen_Generation = YES;
				INFOPLIST_KEY_UISupportedInterfaceOrientations_iPad = "UIInterfaceOrientationPortrait UIInterfaceOrientationPortraitUpsideDown UIInterfaceOrientationLandscapeLeft UIInterfaceOrientationLandscapeRight";
				INFOPLIST_KEY_UISupportedInterfaceOrientations_iPhone = "UIInterfaceOrientationPortrait UIInterfaceOrientationLandscapeLeft UIInterfaceOrientationLandscapeRight";
				LD_RUNPATH_SEARCH_PATHS = (
					"$(inherited)",
					"@executable_path/Frameworks",
				);
				MARKETING_VERSION = 1.0;
				PRODUCT_BUNDLE_IDENTIFIER = com.weather.poc.Weather;
				PRODUCT_NAME = "$(TARGET_NAME)";
				SWIFT_EMIT_LOC_STRINGS = YES;
				SWIFT_VERSION = 5.0;
				TARGETED_DEVICE_FAMILY = "1,2";
			};
			name = Debug;
		};
		BE1936612A386CAD00412F4A /* Release */ = {
			isa = XCBuildConfiguration;
			buildSettings = {
				ASSETCATALOG_COMPILER_APPICON_NAME = AppIcon;
				ASSETCATALOG_COMPILER_GLOBAL_ACCENT_COLOR_NAME = AccentColor;
				CODE_SIGN_STYLE = Automatic;
				CURRENT_PROJECT_VERSION = 1;
				DEVELOPMENT_ASSET_PATHS = "\"Weather/Preview Content\"";
				ENABLE_PREVIEWS = YES;
				GENERATE_INFOPLIST_FILE = YES;
				INFOPLIST_KEY_UIApplicationSceneManifest_Generation = YES;
				INFOPLIST_KEY_UIApplicationSupportsIndirectInputEvents = YES;
				INFOPLIST_KEY_UILaunchScreen_Generation = YES;
				INFOPLIST_KEY_UISupportedInterfaceOrientations_iPad = "UIInterfaceOrientationPortrait UIInterfaceOrientationPortraitUpsideDown UIInterfaceOrientationLandscapeLeft UIInterfaceOrientationLandscapeRight";
				INFOPLIST_KEY_UISupportedInterfaceOrientations_iPhone = "UIInterfaceOrientationPortrait UIInterfaceOrientationLandscapeLeft UIInterfaceOrientationLandscapeRight";
				LD_RUNPATH_SEARCH_PATHS = (
					"$(inherited)",
					"@executable_path/Frameworks",
				);
				MARKETING_VERSION = 1.0;
				PRODUCT_BUNDLE_IDENTIFIER = com.weather.poc.Weather;
				PRODUCT_NAME = "$(TARGET_NAME)";
				SWIFT_EMIT_LOC_STRINGS = YES;
				SWIFT_VERSION = 5.0;
				TARGETED_DEVICE_FAMILY = "1,2";
			};
			name = Release;
		};
		BE1936632A386CAD00412F4A /* Debug */ = {
			isa = XCBuildConfiguration;
			buildSettings = {
				ALWAYS_EMBED_SWIFT_STANDARD_LIBRARIES = YES;
				BUNDLE_LOADER = "$(TEST_HOST)";
				CODE_SIGN_STYLE = Automatic;
				CURRENT_PROJECT_VERSION = 1;
				GENERATE_INFOPLIST_FILE = YES;
				IPHONEOS_DEPLOYMENT_TARGET = 16.2;
				MARKETING_VERSION = 1.0;
				PRODUCT_BUNDLE_IDENTIFIER = com.weather.poc.WeatherTests;
				PRODUCT_NAME = "$(TARGET_NAME)";
				SWIFT_EMIT_LOC_STRINGS = NO;
				SWIFT_VERSION = 5.0;
				TARGETED_DEVICE_FAMILY = "1,2";
				TEST_HOST = "$(BUILT_PRODUCTS_DIR)/Weather.app/$(BUNDLE_EXECUTABLE_FOLDER_PATH)/Weather";
			};
			name = Debug;
		};
		BE1936642A386CAD00412F4A /* Release */ = {
			isa = XCBuildConfiguration;
			buildSettings = {
				ALWAYS_EMBED_SWIFT_STANDARD_LIBRARIES = YES;
				BUNDLE_LOADER = "$(TEST_HOST)";
				CODE_SIGN_STYLE = Automatic;
				CURRENT_PROJECT_VERSION = 1;
				GENERATE_INFOPLIST_FILE = YES;
				IPHONEOS_DEPLOYMENT_TARGET = 16.2;
				MARKETING_VERSION = 1.0;
				PRODUCT_BUNDLE_IDENTIFIER = com.weather.poc.WeatherTests;
				PRODUCT_NAME = "$(TARGET_NAME)";
				SWIFT_EMIT_LOC_STRINGS = NO;
				SWIFT_VERSION = 5.0;
				TARGETED_DEVICE_FAMILY = "1,2";
				TEST_HOST = "$(BUILT_PRODUCTS_DIR)/Weather.app/$(BUNDLE_EXECUTABLE_FOLDER_PATH)/Weather";
			};
			name = Release;
		};
/* End XCBuildConfiguration section */

/* Begin XCConfigurationList section */
		BE1936362A386CAB00412F4A /* Build configuration list for PBXProject "Weather" */ = {
			isa = XCConfigurationList;
			buildConfigurations = (
				BE19365D2A386CAD00412F4A /* Debug */,
				BE19365E2A386CAD00412F4A /* Release */,
			);
			defaultConfigurationIsVisible = 0;
			defaultConfigurationName = Release;
		};
		BE19365F2A386CAD00412F4A /* Build configuration list for PBXNativeTarget "Weather" */ = {
			isa = XCConfigurationList;
			buildConfigurations = (
				BE1936602A386CAD00412F4A /* Debug */,
				BE1936612A386CAD00412F4A /* Release */,
			);
			defaultConfigurationIsVisible = 0;
			defaultConfigurationName = Release;
		};
		BE1936622A386CAD00412F4A /* Build configuration list for PBXNativeTarget "WeatherTests" */ = {
			isa = XCConfigurationList;
			buildConfigurations = (
				BE1936632A386CAD00412F4A /* Debug */,
				BE1936642A386CAD00412F4A /* Release */,
			);
			defaultConfigurationIsVisible = 0;
			defaultConfigurationName = Release;
		};
/* End XCConfigurationList section */
	};
	rootObject = BE1936332A386CAB00412F4A /* Project object */;
}
